
Microsoft Visual Studio Solution File, Format Version 12.00
# Visual Studio Version 17
VisualStudioVersion = 17.4.33205.214
MinimumVisualStudioVersion = 10.0.40219.1
Project("{FAE04EC0-301F-11D3-BF4B-00C04F79EFBC}") = "ConsoleApp1", "ConsoleApp1\ConsoleApp1.csproj", "{2E366845-F7FD-425F-9E81-1D1CFA27411C}"
EndProject
Project("{FAE04EC0-301F-11D3-BF4B-00C04F79EFBC}") = "AdoNetDemo", "AdoNetDemo\AdoNetDemo.csproj", "{8875D2CD-52DD-462A-BCF7-44BB24893795}"
EndProject
Global
	GlobalSection(SolutionConfigurationPlatforms) = preSolution
		Debug|Any CPU = Debug|Any CPU
		Release|Any CPU = Release|Any CPU
	EndGlobalSection
	GlobalSection(ProjectConfigurationPlatforms) = postSolution
		{2E366845-F7FD-425F-9E81-1D1CFA27411C}.Debug|Any CPU.ActiveCfg = Debug|Any CPU
		{2E366845-F7FD-425F-9E81-1D1CFA27411C}.Debug|Any CPU.Build.0 = Debug|Any CPU
		{2E366845-F7FD-425F-9E81-1D1CFA27411C}.Release|Any CPU.ActiveCfg = Release|Any CPU
		{2E366845-F7FD-425F-9E81-1D1CFA27411C}.Release|Any CPU.Build.0 = Release|Any CPU
		{8875D2CD-52DD-462A-BCF7-44BB24893795}.Debug|Any CPU.ActiveCfg = Debug|Any CPU
		{8875D2CD-52DD-462A-BCF7-44BB24893795}.Debug|Any CPU.Build.0 = Debug|Any CPU
		{8875D2CD-52DD-462A-BCF7-44BB24893795}.Release|Any CPU.ActiveCfg = Release|Any CPU
		{8875D2CD-52DD-462A-BCF7-44BB24893795}.Release|Any CPU.Build.0 = Release|Any CPU
	EndGlobalSection
	GlobalSection(SolutionProperties) = preSolution
		HideSolutionNode = FALSE
	EndGlobalSection
	GlobalSection(ExtensibilityGlobals) = postSolution
		SolutionGuid = {89CDA0A1-F724-4875-80FF-AB00DC916FE9}
	EndGlobalSection
EndGlobal
